
Microsoft Visual Studio Solution File, Format Version 12.00
# Visual Studio Version 16
VisualStudioVersion = 25.0.1705.2
MinimumVisualStudioVersion = 10.0.40219.1
Project("{FAE04EC0-301F-11D3-BF4B-00C04F79EFBC}") = "MarchMadness1", "MarchMadness1.csproj", "{F43B20D6-3F02-4825-9753-F595B8845FD1}"
EndProject
Global
	GlobalSection(SolutionConfigurationPlatforms) = preSolution
		Debug|Any CPU = Debug|Any CPU
		Release|Any CPU = Release|Any CPU
	EndGlobalSection
	GlobalSection(ProjectConfigurationPlatforms) = postSolution
		{F43B20D6-3F02-4825-9753-F595B8845FD1}.Debug|Any CPU.ActiveCfg = Debug|Any CPU
		{F43B20D6-3F02-4825-9753-F595B8845FD1}.Debug|Any CPU.Build.0 = Debug|Any CPU
		{F43B20D6-3F02-4825-9753-F595B8845FD1}.Release|Any CPU.ActiveCfg = Release|Any CPU
		{F43B20D6-3F02-4825-9753-F595B8845FD1}.Release|Any CPU.Build.0 = Release|Any CPU
	EndGlobalSection
	GlobalSection(SolutionProperties) = preSolution
		HideSolutionNode = FALSE
	EndGlobalSection
	GlobalSection(ExtensibilityGlobals) = postSolution
		SolutionGuid = {7155D07D-3168-468E-A675-5C3F6538D203}
	EndGlobalSection
EndGlobal
